{
  "name": "Boids Simulation",
  "version": "1.0.0",
  "lockfileVersion": 1,
  "requires": true,
  "dependencies": {
    "js-quadtree": {
      "version": "3.3.6",
      "resolved": "https://registry.npmjs.org/js-quadtree/-/js-quadtree-3.3.6.tgz",
      "integrity": "sha512-cQUgpcbg7m9F/QdsEd6v0p9w8+QJKBn6RXtxNGbknTyHe3LPBCerwWrzW0lWld8Sst5GpW6/3G9KSeAA48yJVg==",
      "dev": true
    },
    "random-float": {
      "version": "3.0.0",
      "resolved": "https://registry.npmjs.org/random-float/-/random-float-3.0.0.tgz",
      "integrity": "sha512-8U2ToxX8h6h9gpzyGyxCcd/LatiWcm0sOVG+SlsGyRs+3k8ae/EOH9KDsoquvbdCCqKQW1rx49iRPyBt/TF6NQ==",
      "dev": true
    }
  }
}
